
Microsoft Visual Studio Solution File, Format Version 12.00
# Visual Studio Version 17
VisualStudioVersion = 17.7.34024.191
MinimumVisualStudioVersion = 10.0.40219.1
Project("{FAE04EC0-301F-11D3-BF4B-00C04F79EFBC}") = "TempMonitor", "TempMonitor\TempMonitor.csproj", "{5C439C2F-328D-46F8-87C1-3C4E55CFABC8}"
EndProject
Project("{FAE04EC0-301F-11D3-BF4B-00C04F79EFBC}") = "TempReader", "TempReader\TempReader.csproj", "{0FF9D400-63CA-4CD4-9665-2E849F56C56B}"
EndProject
Project("{FAE04EC0-301F-11D3-BF4B-00C04F79EFBC}") = "TempViewer", "TempViewer\TempViewer.csproj", "{D156D367-05CC-47AF-9F0C-618EE15A06B4}"
EndProject
Global
	GlobalSection(SolutionConfigurationPlatforms) = preSolution
		Debug|Any CPU = Debug|Any CPU
		Debug|ARM64 = Debug|ARM64
		Release|Any CPU = Release|Any CPU
		Release|ARM64 = Release|ARM64
	EndGlobalSection
	GlobalSection(ProjectConfigurationPlatforms) = postSolution
		{5C439C2F-328D-46F8-87C1-3C4E55CFABC8}.Debug|Any CPU.ActiveCfg = Debug|Any CPU
		{5C439C2F-328D-46F8-87C1-3C4E55CFABC8}.Debug|Any CPU.Build.0 = Debug|Any CPU
		{5C439C2F-328D-46F8-87C1-3C4E55CFABC8}.Debug|ARM64.ActiveCfg = Debug|ARM64
		{5C439C2F-328D-46F8-87C1-3C4E55CFABC8}.Debug|ARM64.Build.0 = Debug|ARM64
		{5C439C2F-328D-46F8-87C1-3C4E55CFABC8}.Release|Any CPU.ActiveCfg = Release|Any CPU
		{5C439C2F-328D-46F8-87C1-3C4E55CFABC8}.Release|Any CPU.Build.0 = Release|Any CPU
		{5C439C2F-328D-46F8-87C1-3C4E55CFABC8}.Release|ARM64.ActiveCfg = Release|ARM64
		{5C439C2F-328D-46F8-87C1-3C4E55CFABC8}.Release|ARM64.Build.0 = Release|ARM64
		{0FF9D400-63CA-4CD4-9665-2E849F56C56B}.Debug|Any CPU.ActiveCfg = Debug|Any CPU
		{0FF9D400-63CA-4CD4-9665-2E849F56C56B}.Debug|Any CPU.Build.0 = Debug|Any CPU
		{0FF9D400-63CA-4CD4-9665-2E849F56C56B}.Debug|ARM64.ActiveCfg = Debug|Any CPU
		{0FF9D400-63CA-4CD4-9665-2E849F56C56B}.Debug|ARM64.Build.0 = Debug|Any CPU
		{0FF9D400-63CA-4CD4-9665-2E849F56C56B}.Release|Any CPU.ActiveCfg = Release|Any CPU
		{0FF9D400-63CA-4CD4-9665-2E849F56C56B}.Release|Any CPU.Build.0 = Release|Any CPU
		{0FF9D400-63CA-4CD4-9665-2E849F56C56B}.Release|ARM64.ActiveCfg = Release|Any CPU
		{0FF9D400-63CA-4CD4-9665-2E849F56C56B}.Release|ARM64.Build.0 = Release|Any CPU
		{D156D367-05CC-47AF-9F0C-618EE15A06B4}.Debug|Any CPU.ActiveCfg = Debug|Any CPU
		{D156D367-05CC-47AF-9F0C-618EE15A06B4}.Debug|Any CPU.Build.0 = Debug|Any CPU
		{D156D367-05CC-47AF-9F0C-618EE15A06B4}.Debug|ARM64.ActiveCfg = Debug|Any CPU
		{D156D367-05CC-47AF-9F0C-618EE15A06B4}.Debug|ARM64.Build.0 = Debug|Any CPU
		{D156D367-05CC-47AF-9F0C-618EE15A06B4}.Release|Any CPU.ActiveCfg = Release|Any CPU
		{D156D367-05CC-47AF-9F0C-618EE15A06B4}.Release|Any CPU.Build.0 = Release|Any CPU
		{D156D367-05CC-47AF-9F0C-618EE15A06B4}.Release|ARM64.ActiveCfg = Release|Any CPU
		{D156D367-05CC-47AF-9F0C-618EE15A06B4}.Release|ARM64.Build.0 = Release|Any CPU
	EndGlobalSection
	GlobalSection(SolutionProperties) = preSolution
		HideSolutionNode = FALSE
	EndGlobalSection
	GlobalSection(ExtensibilityGlobals) = postSolution
		SolutionGuid = {E73F3AE4-962C-467A-BD9B-E2BAEFF0FFB5}
	EndGlobalSection
EndGlobal
